
Microsoft Visual Studio Solution File, Format Version 11.00
# Visual Studio 2010
Project("{8BC9CEB8-8B4A-11D0-8D11-00A0C91BC942}") = "drophash", "drophash\drophash.vcxproj", "{42737D0E-DDC3-4E4E-998F-C86DB1E7951D}"
EndProject
Global
	GlobalSection(SolutionConfigurationPlatforms) = preSolution
		Debug|Win32 = Debug|Win32
		Release|Win32 = Release|Win32
	EndGlobalSection
	GlobalSection(ProjectConfigurationPlatforms) = postSolution
		{42737D0E-DDC3-4E4E-998F-C86DB1E7951D}.Debug|Win32.ActiveCfg = Debug|Win32
		{42737D0E-DDC3-4E4E-998F-C86DB1E7951D}.Debug|Win32.Build.0 = Debug|Win32
		{42737D0E-DDC3-4E4E-998F-C86DB1E7951D}.Release|Win32.ActiveCfg = Release|Win32
		{42737D0E-DDC3-4E4E-998F-C86DB1E7951D}.Release|Win32.Build.0 = Release|Win32
	EndGlobalSection
	GlobalSection(SolutionProperties) = preSolution
		HideSolutionNode = FALSE
	EndGlobalSection
EndGlobal
